# generated by rye
# use `rye lock` or `rye sync` to update this lockfile
#
# last locked with the following flags:
#   pre: false
#   features: []
#   all-features: false
#   with-sources: false

-e file:.
altgraph==0.17.4
    # via pyinstaller
black==24.2.0
    # via tanks
click==8.1.7
    # via black
mypy-extensions==1.0.0
    # via black
packaging==23.2
    # via black
    # via pyinstaller
    # via pyinstaller-hooks-contrib
pathspec==0.12.1
    # via black
pillow==10.2.0
    # via tanks
platformdirs==4.2.0
    # via black
pygame==2.5.2
    # via tanks
pyinstaller==6.4.0
    # via tanks
pyinstaller-hooks-contrib==2024.2
    # via pyinstaller
setuptools==69.1.1
    # via pyinstaller
    # via pyinstaller-hooks-contrib
snakeviz==2.2.0
    # via whyslow
tornado==6.4
    # via snakeviz
whyslow==0.1.7
    # via tanks
